
Microsoft Visual Studio Solution File, Format Version 12.00
# Visual Studio Version 16
VisualStudioVersion = 16.0.29509.3
MinimumVisualStudioVersion = 10.0.40219.1
Project("{FAE04EC0-301F-11D3-BF4B-00C04F79EFBC}") = "MQTTBroker", "MQTTBroker\MQTTBroker.csproj", "{433BA867-E961-4C02-9EAD-E53412E619BE}"
EndProject
Project("{FAE04EC0-301F-11D3-BF4B-00C04F79EFBC}") = "DAL", "DAL\DAL.csproj", "{C298C787-3B79-4961-AEC4-B3C1D566CDE5}"
EndProject
Project("{FAE04EC0-301F-11D3-BF4B-00C04F79EFBC}") = "Models", "Models\Models.csproj", "{102ABF31-1A0A-465B-820C-8D2791EFF974}"
EndProject
Global
	GlobalSection(SolutionConfigurationPlatforms) = preSolution
		Debug|Any CPU = Debug|Any CPU
		Release|Any CPU = Release|Any CPU
	EndGlobalSection
	GlobalSection(ProjectConfigurationPlatforms) = postSolution
		{433BA867-E961-4C02-9EAD-E53412E619BE}.Debug|Any CPU.ActiveCfg = Debug|Any CPU
		{433BA867-E961-4C02-9EAD-E53412E619BE}.Debug|Any CPU.Build.0 = Debug|Any CPU
		{433BA867-E961-4C02-9EAD-E53412E619BE}.Release|Any CPU.ActiveCfg = Release|Any CPU
		{433BA867-E961-4C02-9EAD-E53412E619BE}.Release|Any CPU.Build.0 = Release|Any CPU
		{C298C787-3B79-4961-AEC4-B3C1D566CDE5}.Debug|Any CPU.ActiveCfg = Debug|Any CPU
		{C298C787-3B79-4961-AEC4-B3C1D566CDE5}.Debug|Any CPU.Build.0 = Debug|Any CPU
		{C298C787-3B79-4961-AEC4-B3C1D566CDE5}.Release|Any CPU.ActiveCfg = Release|Any CPU
		{C298C787-3B79-4961-AEC4-B3C1D566CDE5}.Release|Any CPU.Build.0 = Release|Any CPU
		{102ABF31-1A0A-465B-820C-8D2791EFF974}.Debug|Any CPU.ActiveCfg = Debug|Any CPU
		{102ABF31-1A0A-465B-820C-8D2791EFF974}.Debug|Any CPU.Build.0 = Debug|Any CPU
		{102ABF31-1A0A-465B-820C-8D2791EFF974}.Release|Any CPU.ActiveCfg = Release|Any CPU
		{102ABF31-1A0A-465B-820C-8D2791EFF974}.Release|Any CPU.Build.0 = Release|Any CPU
	EndGlobalSection
	GlobalSection(SolutionProperties) = preSolution
		HideSolutionNode = FALSE
	EndGlobalSection
	GlobalSection(ExtensibilityGlobals) = postSolution
		SolutionGuid = {DD167338-C742-4E54-BED0-5EC4EB8FEF85}
	EndGlobalSection
EndGlobal
